<?xml version="1.0" encoding="utf-8"?>
<Project ToolsVersion="4.0" xmlns="http://schemas.microsoft.com/developer/msbuild/2003">
  <ItemGroup>
    <ClCompile Include="src\Rendering\Gl.cpp" />
    <ClCompile Include="src\Math\Color.cpp" />
    <ClCompile Include="src\Idea.cpp" />
    <ClCompile Include="src\Math\Vector3.cpp" />
    <ClCompile Include="src\World.cpp" />
    <ClCompile Include="src\Logging\Logging.cpp" />
    <ClCompile Include="src\Rendering\Shader.cpp" />
    <ClCompile Include="src\Math\Quaternion.cpp" />
    <ClCompile Include="src\Math\Matrix4.cpp" />
    <ClCompile Include="src\Rendering\Mesh.cpp" />
    <ClCompile Include="src\LayerReal.cpp" />
    <ClCompile Include="src\Rendering\Vertex.cpp" />
    <ClCompile Include="src\Rendering\VertexAttribPointer.cpp" />
    <ClCompile Include="src\Math\Vector2.cpp" />
    <ClCompile Include="src\Input\Input.cpp" />
    <ClCompile Include="src\Audio\Audio.cpp" />
    <ClCompile Include="src\Component.cpp" />
    <ClCompile Include="src\Info.cpp" />
    <ClCompile Include="src\Real.cpp" />
    <ClCompile Include="src\Rendering\Camera.cpp" />
    <ClCompile Include="src\Property.cpp" />
    <ClCompile Include="src\SubIdea.cpp" />
    <ClCompile Include="src\LayerConcept.cpp" />
    <ClCompile Include="src\Core.cpp" />
    <ClCompile Include="src\MeshDatabase.cpp" />
    <ClCompile Include="src\ShaderDatabase.cpp" />
  </ItemGroup>
  <ItemGroup>
    <ClInclude Include="src\Rendering\Gl.h" />
    <ClInclude Include="src\Math\Color.h" />
    <ClInclude Include="src\Idea.h" />
    <ClInclude Include="src\Math\Vector3.h" />
    <ClInclude Include="src\World.h" />
    <ClInclude Include="src\Logging\Logging.h" />
    <ClInclude Include="src\Rendering\Shader.h" />
    <ClInclude Include="src\Math\Quaternion.h" />
    <ClInclude Include="src\Math\Matrix4.h" />
    <ClInclude Include="src\Rendering\Mesh.h" />
    <ClInclude Include="src\LayerReal.h" />
    <ClInclude Include="src\Rendering\Vertex.h" />
    <ClInclude Include="src\Rendering\VertexAttribPointer.h" />
    <ClInclude Include="src\Math\Vector2.h" />
    <ClInclude Include="src\Input\Input.h" />
    <ClInclude Include="src\Audio\Audio.h" />
    <ClInclude Include="src\Component.h" />
    <ClInclude Include="src\Info.h" />
    <ClInclude Include="src\Real.h" />
    <ClInclude Include="src\Rendering\Camera.h" />
    <ClInclude Include="src\Property.h" />
    <ClInclude Include="src\SubIdea.h" />
    <ClInclude Include="src\LayerConcept.h" />
    <ClInclude Include="src\Core.h" />
    <ClInclude Include="src\MeshDatabase.h" />
    <ClInclude Include="src\ShaderDatabase.h" />
  </ItemGroup>
</Project>